
Microsoft Visual Studio Solution File, Format Version 12.00
# Visual Studio Version 17
VisualStudioVersion = 17.7.34024.191
MinimumVisualStudioVersion = 10.0.40219.1
Project("{FAE04EC0-301F-11D3-BF4B-00C04F79EFBC}") = "matice", "matice\matice.csproj", "{B82A4018-3C6B-49A0-B3ED-B749AC868A1A}"
EndProject
Global
	GlobalSection(SolutionConfigurationPlatforms) = preSolution
		Debug|Any CPU = Debug|Any CPU
		Release|Any CPU = Release|Any CPU
	EndGlobalSection
	GlobalSection(ProjectConfigurationPlatforms) = postSolution
		{B82A4018-3C6B-49A0-B3ED-B749AC868A1A}.Debug|Any CPU.ActiveCfg = Debug|Any CPU
		{B82A4018-3C6B-49A0-B3ED-B749AC868A1A}.Debug|Any CPU.Build.0 = Debug|Any CPU
		{B82A4018-3C6B-49A0-B3ED-B749AC868A1A}.Release|Any CPU.ActiveCfg = Release|Any CPU
		{B82A4018-3C6B-49A0-B3ED-B749AC868A1A}.Release|Any CPU.Build.0 = Release|Any CPU
	EndGlobalSection
	GlobalSection(SolutionProperties) = preSolution
		HideSolutionNode = FALSE
	EndGlobalSection
	GlobalSection(ExtensibilityGlobals) = postSolution
		SolutionGuid = {24818B9A-EB0C-4476-BD15-D48460BE34B9}
	EndGlobalSection
EndGlobal
