
Microsoft Visual Studio Solution File, Format Version 12.00
# Visual Studio Version 17
VisualStudioVersion = 17.4.33122.133
MinimumVisualStudioVersion = 10.0.40219.1
Project("{FAE04EC0-301F-11D3-BF4B-00C04F79EFBC}") = "painT_project", "painT_project\painT_project.csproj", "{FF22A555-C84C-43F3-959A-72C7E550381D}"
EndProject
Global
	GlobalSection(SolutionConfigurationPlatforms) = preSolution
		Debug|Any CPU = Debug|Any CPU
		Release|Any CPU = Release|Any CPU
	EndGlobalSection
	GlobalSection(ProjectConfigurationPlatforms) = postSolution
		{FF22A555-C84C-43F3-959A-72C7E550381D}.Debug|Any CPU.ActiveCfg = Debug|Any CPU
		{FF22A555-C84C-43F3-959A-72C7E550381D}.Debug|Any CPU.Build.0 = Debug|Any CPU
		{FF22A555-C84C-43F3-959A-72C7E550381D}.Release|Any CPU.ActiveCfg = Release|Any CPU
		{FF22A555-C84C-43F3-959A-72C7E550381D}.Release|Any CPU.Build.0 = Release|Any CPU
	EndGlobalSection
	GlobalSection(SolutionProperties) = preSolution
		HideSolutionNode = FALSE
	EndGlobalSection
	GlobalSection(ExtensibilityGlobals) = postSolution
		SolutionGuid = {B52E9DA0-9FC8-4A32-844D-527B04FA1CC7}
	EndGlobalSection
EndGlobal
